{
  "name": "lolite-browser",
  "version": "1.0.1",
  "lockfileVersion": 3,
  "requires": true,
  "packages": {
    "": {
      "name": "lolite-browser",
      "version": "1.0.1",
      "license": "ISC",
      "dependencies": {
        "date": "npm:@socket-override-override/date@1.0.8"
      }
    },
    "node_modules/date": {
      "name": "@socket-override-override/date",
      "version": "1.0.8",
      "resolved": "https://registry.npmjs.org/@socket-override-override/date/-/date-1.0.8.tgz",
      "integrity": "sha512-X0cbwmR4verkSz+D2y4pQv5yPPWAulEvOXNxNtoVHNNDJIVy0q+0JksuE2fuo0cKfTykQNd5aBoi5I8r8ahCVQ==",
      "license": "MIT",
      "engines": {
        "node": ">=18"
      }
    }
  }
}
